
Microsoft Visual Studio Solution File, Format Version 12.00
# Visual Studio 15
VisualStudioVersion = 15.0.28010.2036
MinimumVisualStudioVersion = 10.0.40219.1
Project("{8BC9CEB8-8B4A-11D0-8D11-00A0C91BC942}") = "Lab1-1", "Lab1-1\Lab1-1.vcxproj", "{63ABCA82-C65D-4D57-A9D3-C59C5A361A06}"
EndProject
Global
	GlobalSection(SolutionConfigurationPlatforms) = preSolution
		Debug|x64 = Debug|x64
		Debug|x86 = Debug|x86
		Release|x64 = Release|x64
		Release|x86 = Release|x86
	EndGlobalSection
	GlobalSection(ProjectConfigurationPlatforms) = postSolution
		{63ABCA82-C65D-4D57-A9D3-C59C5A361A06}.Debug|x64.ActiveCfg = Debug|x64
		{63ABCA82-C65D-4D57-A9D3-C59C5A361A06}.Debug|x64.Build.0 = Debug|x64
		{63ABCA82-C65D-4D57-A9D3-C59C5A361A06}.Debug|x86.ActiveCfg = Debug|Win32
		{63ABCA82-C65D-4D57-A9D3-C59C5A361A06}.Debug|x86.Build.0 = Debug|Win32
		{63ABCA82-C65D-4D57-A9D3-C59C5A361A06}.Release|x64.ActiveCfg = Release|x64
		{63ABCA82-C65D-4D57-A9D3-C59C5A361A06}.Release|x64.Build.0 = Release|x64
		{63ABCA82-C65D-4D57-A9D3-C59C5A361A06}.Release|x86.ActiveCfg = Release|Win32
		{63ABCA82-C65D-4D57-A9D3-C59C5A361A06}.Release|x86.Build.0 = Release|Win32
	EndGlobalSection
	GlobalSection(SolutionProperties) = preSolution
		HideSolutionNode = FALSE
	EndGlobalSection
	GlobalSection(ExtensibilityGlobals) = postSolution
		SolutionGuid = {CBD866EB-C952-40E9-B586-CEB4697C9821}
	EndGlobalSection
EndGlobal
